
Microsoft Visual Studio Solution File, Format Version 12.00
# Visual Studio Express 2012 for Web
Project("{FAE04EC0-301F-11D3-BF4B-00C04F79EFBC}") = "BusinessLayer", "BusinessLayer\BusinessLayer.csproj", "{34E3A458-1E22-4536-BE82-C960A4F64232}"
EndProject
Project("{FAE04EC0-301F-11D3-BF4B-00C04F79EFBC}") = "CallGuide", "CallGuide\CallGuide.csproj", "{C55DD831-B7C2-4097-8172-BF9CFFCBD500}"
EndProject
Global
	GlobalSection(SolutionConfigurationPlatforms) = preSolution
		Debug|Any CPU = Debug|Any CPU
		Release|Any CPU = Release|Any CPU
	EndGlobalSection
	GlobalSection(ProjectConfigurationPlatforms) = postSolution
		{34E3A458-1E22-4536-BE82-C960A4F64232}.Debug|Any CPU.ActiveCfg = Debug|Any CPU
		{34E3A458-1E22-4536-BE82-C960A4F64232}.Debug|Any CPU.Build.0 = Debug|Any CPU
		{34E3A458-1E22-4536-BE82-C960A4F64232}.Release|Any CPU.ActiveCfg = Release|Any CPU
		{34E3A458-1E22-4536-BE82-C960A4F64232}.Release|Any CPU.Build.0 = Release|Any CPU
		{C55DD831-B7C2-4097-8172-BF9CFFCBD500}.Debug|Any CPU.ActiveCfg = Debug|Any CPU
		{C55DD831-B7C2-4097-8172-BF9CFFCBD500}.Debug|Any CPU.Build.0 = Debug|Any CPU
		{C55DD831-B7C2-4097-8172-BF9CFFCBD500}.Release|Any CPU.ActiveCfg = Release|Any CPU
		{C55DD831-B7C2-4097-8172-BF9CFFCBD500}.Release|Any CPU.Build.0 = Release|Any CPU
	EndGlobalSection
	GlobalSection(SolutionProperties) = preSolution
		HideSolutionNode = FALSE
	EndGlobalSection
EndGlobal
